// !$*UTF8*$!
{
	archiveVersion = 1;
	classes = {
	};
	objectVersion = 46;
	objects = {

/* Begin PBXBuildFile section */
		042889261E2F12E700E513CE /* MovieCell.swift in Sources */ = {isa = PBXBuildFile; fileRef = 042889251E2F12E700E513CE /* MovieCell.swift */; };
		044FFE721E4EC4EE00EAC0A0 /* DetailViewController.swift in Sources */ = {isa = PBXBuildFile; fileRef = 044FFE711E4EC4EE00EAC0A0 /* DetailViewController.swift */; };
		045547291E2DCFE700437AD5 /* AppDelegate.swift in Sources */ = {isa = PBXBuildFile; fileRef = 045547281E2DCFE700437AD5 /* AppDelegate.swift */; };
		0455472E1E2DCFE700437AD5 /* Main.storyboard in Resources */ = {isa = PBXBuildFile; fileRef = 0455472C1E2DCFE700437AD5 /* Main.storyboard */; };
		045547301E2DCFE700437AD5 /* Assets.xcassets in Resources */ = {isa = PBXBuildFile; fileRef = 0455472F1E2DCFE700437AD5 /* Assets.xcassets */; };
		045547331E2DCFE700437AD5 /* LaunchScreen.storyboard in Resources */ = {isa = PBXBuildFile; fileRef = 045547311E2DCFE700437AD5 /* LaunchScreen.storyboard */; };
		0455473B1E2DD0C700437AD5 /* MoviesViewController.swift in Sources */ = {isa = PBXBuildFile; fileRef = 0455473A1E2DD0C700437AD5 /* MoviesViewController.swift */; };
		0455473D1E2DDD3700437AD5 /* readme.md in Sources */ = {isa = PBXBuildFile; fileRef = 0455473C1E2DDD3700437AD5 /* readme.md */; };
		E952655CE8F8F752D19897F5 /* Pods_MovieViewer.framework in Frameworks */ = {isa = PBXBuildFile; fileRef = 7EB19507564407820AFE4FDA /* Pods_MovieViewer.framework */; };
/* End PBXBuildFile section */

/* Begin PBXFileReference section */
		042889251E2F12E700E513CE /* MovieCell.swift */ = {isa = PBXFileReference; fileEncoding = 4; lastKnownFileType = sourcecode.swift; path = MovieCell.swift; sourceTree = "<group>"; };
		044FFE711E4EC4EE00EAC0A0 /* DetailViewController.swift */ = {isa = PBXFileReference; fileEncoding = 4; lastKnownFileType = sourcecode.swift; path = DetailViewController.swift; sourceTree = "<group>"; };
		045547251E2DCFE700437AD5 /* MovieViewer.app */ = {isa = PBXFileReference; explicitFileType = wrapper.application; includeInIndex = 0; path = MovieViewer.app; sourceTree = BUILT_PRODUCTS_DIR; };
		045547281E2DCFE700437AD5 /* AppDelegate.swift */ = {isa = PBXFileReference; lastKnownFileType = sourcecode.swift; path = AppDelegate.swift; sourceTree = "<group>"; };
		0455472D1E2DCFE700437AD5 /* Base */ = {isa = PBXFileReference; lastKnownFileType = file.storyboard; name = Base; path = Base.lproj/Main.storyboard; sourceTree = "<group>"; };
		0455472F1E2DCFE700437AD5 /* Assets.xcassets */ = {isa = PBXFileReference; lastKnownFileType = folder.assetcatalog; path = Assets.xcassets; sourceTree = "<group>"; };
		045547321E2DCFE700437AD5 /* Base */ = {isa = PBXFileReference; lastKnownFileType = file.storyboard; name = Base; path = Base.lproj/LaunchScreen.storyboard; sourceTree = "<group>"; };
		045547341E2DCFE700437AD5 /* Info.plist */ = {isa = PBXFileReference; lastKnownFileType = text.plist.xml; path = Info.plist; sourceTree = "<group>"; };
		0455473A1E2DD0C700437AD5 /* MoviesViewController.swift */ = {isa = PBXFileReference; fileEncoding = 4; lastKnownFileType = sourcecode.swift; path = MoviesViewController.swift; sourceTree = "<group>"; };
		0455473C1E2DDD3700437AD5 /* readme.md */ = {isa = PBXFileReference; fileEncoding = 4; lastKnownFileType = net.daringfireball.markdown; name = readme.md; path = ../readme.md; sourceTree = "<group>"; };
		44F194F24648C7F93016EBF1 /* Pods-MovieViewer.debug.xcconfig */ = {isa = PBXFileReference; includeInIndex = 1; lastKnownFileType = text.xcconfig; name = "Pods-MovieViewer.debug.xcconfig"; path = "Pods/Target Support Files/Pods-MovieViewer/Pods-MovieViewer.debug.xcconfig"; sourceTree = "<group>"; };
		7EB19507564407820AFE4FDA /* Pods_MovieViewer.framework */ = {isa = PBXFileReference; explicitFileType = wrapper.framework; includeInIndex = 0; path = Pods_MovieViewer.framework; sourceTree = BUILT_PRODUCTS_DIR; };
		8FE08B667458520C83A496DB /* Pods-MovieViewer.release.xcconfig */ = {isa = PBXFileReference; includeInIndex = 1; lastKnownFileType = text.xcconfig; name = "Pods-MovieViewer.release.xcconfig"; path = "Pods/Target Support Files/Pods-MovieViewer/Pods-MovieViewer.release.xcconfig"; sourceTree = "<group>"; };
/* End PBXFileReference section */

/* Begin PBXFrameworksBuildPhase section */
		045547221E2DCFE600437AD5 /* Frameworks */ = {
			isa = PBXFrameworksBuildPhase;
			buildActionMask = 2147483647;
			files = (
				E952655CE8F8F752D19897F5 /* Pods_MovieViewer.framework in Frameworks */,
			);
			runOnlyForDeploymentPostprocessing = 0;
		};
/* End PBXFrameworksBuildPhase section */

/* Begin PBXGroup section */
		042889241E2F12A500E513CE /* Views */ = {
			isa = PBXGroup;
			children = (
				042889251E2F12E700E513CE /* MovieCell.swift */,
			);
			name = Views;
			sourceTree = "<group>";
		};
		042889271E2F12F600E513CE /* view controllers */ = {
			isa = PBXGroup;
			children = (
				0455473A1E2DD0C700437AD5 /* MoviesViewController.swift */,
				044FFE711E4EC4EE00EAC0A0 /* DetailViewController.swift */,
			);
			name = "view controllers";
			sourceTree = "<group>";
		};
		0455471C1E2DCFE600437AD5 = {
			isa = PBXGroup;
			children = (
				045547271E2DCFE700437AD5 /* MovieViewer */,
				045547261E2DCFE700437AD5 /* Products */,
				1AF9542C1FFFDB0D79B0D526 /* Pods */,
				A18AB66463D6A974884DAEF7 /* Frameworks */,
			);
			sourceTree = "<group>";
		};
		045547261E2DCFE700437AD5 /* Products */ = {
			isa = PBXGroup;
			children = (
				045547251E2DCFE700437AD5 /* MovieViewer.app */,
			);
			name = Products;
			sourceTree = "<group>";
		};
		045547271E2DCFE700437AD5 /* MovieViewer */ = {
			isa = PBXGroup;
			children = (
				042889271E2F12F600E513CE /* view controllers */,
				042889241E2F12A500E513CE /* Views */,
				0455473C1E2DDD3700437AD5 /* readme.md */,
				045547281E2DCFE700437AD5 /* AppDelegate.swift */,
				0455472C1E2DCFE700437AD5 /* Main.storyboard */,
				0455472F1E2DCFE700437AD5 /* Assets.xcassets */,
				045547311E2DCFE700437AD5 /* LaunchScreen.storyboard */,
				045547341E2DCFE700437AD5 /* Info.plist */,
			);
			path = MovieViewer;
			sourceTree = "<group>";
		};
		1AF9542C1FFFDB0D79B0D526 /* Pods */ = {
			isa = PBXGroup;
			children = (
				44F194F24648C7F93016EBF1 /* Pods-MovieViewer.debug.xcconfig */,
				8FE08B667458520C83A496DB /* Pods-MovieViewer.release.xcconfig */,
			);
			name = Pods;
			sourceTree = "<group>";
		};
		A18AB66463D6A974884DAEF7 /* Frameworks */ = {
			isa = PBXGroup;
			children = (
				7EB19507564407820AFE4FDA /* Pods_MovieViewer.framework */,
			);
			name = Frameworks;
			sourceTree = "<group>";
		};
/* End PBXGroup section */

/* Begin PBXNativeTarget section */
		045547241E2DCFE600437AD5 /* MovieViewer */ = {
			isa = PBXNativeTarget;
			buildConfigurationList = 045547371E2DCFE700437AD5 /* Build configuration list for PBXNativeTarget "MovieViewer" */;
			buildPhases = (
				684281E69DF77380D7A882BD /* [CP] Check Pods Manifest.lock */,
				045547211E2DCFE600437AD5 /* Sources */,
				045547221E2DCFE600437AD5 /* Frameworks */,
				045547231E2DCFE600437AD5 /* Resources */,
				0D14C26AD6B7F5A543FDCC65 /* [CP] Embed Pods Frameworks */,
				71A294BC0657E7FDE5F87999 /* [CP] Copy Pods Resources */,
			);
			buildRules = (
			);
			dependencies = (
			);
			name = MovieViewer;
			productName = MovieViewer;
			productReference = 045547251E2DCFE700437AD5 /* MovieViewer.app */;
			productType = "com.apple.product-type.application";
		};
/* End PBXNativeTarget section */

/* Begin PBXProject section */
		0455471D1E2DCFE600437AD5 /* Project object */ = {
			isa = PBXProject;
			attributes = {
				LastSwiftUpdateCheck = 0820;
				LastUpgradeCheck = 0820;
				ORGANIZATIONNAME = "Muhammad U Khokhar";
				TargetAttributes = {
					045547241E2DCFE600437AD5 = {
						CreatedOnToolsVersion = 8.2.1;
						ProvisioningStyle = Automatic;
					};
				};
			};
			buildConfigurationList = 045547201E2DCFE600437AD5 /* Build configuration list for PBXProject "MovieViewer" */;
			compatibilityVersion = "Xcode 3.2";
			developmentRegion = English;
			hasScannedForEncodings = 0;
			knownRegions = (
				en,
				Base,
			);
			mainGroup = 0455471C1E2DCFE600437AD5;
			productRefGroup = 045547261E2DCFE700437AD5 /* Products */;
			projectDirPath = "";
			projectRoot = "";
			targets = (
				045547241E2DCFE600437AD5 /* MovieViewer */,
			);
		};
/* End PBXProject section */

/* Begin PBXResourcesBuildPhase section */
		045547231E2DCFE600437AD5 /* Resources */ = {
			isa = PBXResourcesBuildPhase;
			buildActionMask = 2147483647;
			files = (
				045547331E2DCFE700437AD5 /* LaunchScreen.storyboard in Resources */,
				045547301E2DCFE700437AD5 /* Assets.xcassets in Resources */,
				0455472E1E2DCFE700437AD5 /* Main.storyboard in Resources */,
			);
			runOnlyForDeploymentPostprocessing = 0;
		};
/* End PBXResourcesBuildPhase section */

/* Begin PBXShellScriptBuildPhase section */
		0D14C26AD6B7F5A543FDCC65 /* [CP] Embed Pods Frameworks */ = {
			isa = PBXShellScriptBuildPhase;
			buildActionMask = 2147483647;
			files = (
			);
			inputPaths = (
			);
			name = "[CP] Embed Pods Frameworks";
			outputPaths = (
			);
			runOnlyForDeploymentPostprocessing = 0;
			shellPath = /bin/sh;
			shellScript = "\"${SRCROOT}/Pods/Target Support Files/Pods-MovieViewer/Pods-MovieViewer-frameworks.sh\"\n";
			showEnvVarsInLog = 0;
		};
		684281E69DF77380D7A882BD /* [CP] Check Pods Manifest.lock */ = {
			isa = PBXShellScriptBuildPhase;
			buildActionMask = 2147483647;
			files = (
			);
			inputPaths = (
			);
			name = "[CP] Check Pods Manifest.lock";
			outputPaths = (
			);
			runOnlyForDeploymentPostprocessing = 0;
			shellPath = /bin/sh;
			shellScript = "diff \"${PODS_ROOT}/../Podfile.lock\" \"${PODS_ROOT}/Manifest.lock\" > /dev/null\nif [ $? != 0 ] ; then\n    # print error to STDERR\n    echo \"error: The sandbox is not in sync with the Podfile.lock. Run 'pod install' or update your CocoaPods installation.\" >&2\n    exit 1\nfi\n";
			showEnvVarsInLog = 0;
		};
		71A294BC0657E7FDE5F87999 /* [CP] Copy Pods Resources */ = {
			isa = PBXShellScriptBuildPhase;
			buildActionMask = 2147483647;
			files = (
			);
			inputPaths = (
			);
			name = "[CP] Copy Pods Resources";
			outputPaths = (
			);
			runOnlyForDeploymentPostprocessing = 0;
			shellPath = /bin/sh;
			shellScript = "\"${SRCROOT}/Pods/Target Support Files/Pods-MovieViewer/Pods-MovieViewer-resources.sh\"\n";
			showEnvVarsInLog = 0;
		};
/* End PBXShellScriptBuildPhase section */

/* Begin PBXSourcesBuildPhase section */
		045547211E2DCFE600437AD5 /* Sources */ = {
			isa = PBXSourcesBuildPhase;
			buildActionMask = 2147483647;
			files = (
				045547291E2DCFE700437AD5 /* AppDelegate.swift in Sources */,
				0455473D1E2DDD3700437AD5 /* readme.md in Sources */,
				044FFE721E4EC4EE00EAC0A0 /* DetailViewController.swift in Sources */,
				042889261E2F12E700E513CE /* MovieCell.swift in Sources */,
				0455473B1E2DD0C700437AD5 /* MoviesViewController.swift in Sources */,
			);
			runOnlyForDeploymentPostprocessing = 0;
		};
/* End PBXSourcesBuildPhase section */

/* Begin PBXVariantGroup section */
		0455472C1E2DCFE700437AD5 /* Main.storyboard */ = {
			isa = PBXVariantGroup;
			children = (
				0455472D1E2DCFE700437AD5 /* Base */,
			);
			name = Main.storyboard;
			sourceTree = "<group>";
		};
		045547311E2DCFE700437AD5 /* LaunchScreen.storyboard */ = {
			isa = PBXVariantGroup;
			children = (
				045547321E2DCFE700437AD5 /* Base */,
			);
			name = LaunchScreen.storyboard;
			sourceTree = "<group>";
		};
/* End PBXVariantGroup section */

/* Begin XCBuildConfiguration section */
		045547351E2DCFE700437AD5 /* Debug */ = {
			isa = XCBuildConfiguration;
			buildSettings = {
				ALWAYS_SEARCH_USER_PATHS = NO;
				CLANG_ANALYZER_NONNULL = YES;
				CLANG_CXX_LANGUAGE_STANDARD = "gnu++0x";
				CLANG_CXX_LIBRARY = "libc++";
				CLANG_ENABLE_MODULES = YES;
				CLANG_ENABLE_OBJC_ARC = YES;
				CLANG_WARN_BOOL_CONVERSION = YES;
				CLANG_WARN_CONSTANT_CONVERSION = YES;
				CLANG_WARN_DIRECT_OBJC_ISA_USAGE = YES_ERROR;
				CLANG_WARN_DOCUMENTATION_COMMENTS = YES;
				CLANG_WARN_EMPTY_BODY = YES;
				CLANG_WARN_ENUM_CONVERSION = YES;
				CLANG_WARN_INFINITE_RECURSION = YES;
				CLANG_WARN_INT_CONVERSION = YES;
				CLANG_WARN_OBJC_ROOT_CLASS = YES_ERROR;
				CLANG_WARN_SUSPICIOUS_MOVE = YES;
				CLANG_WARN_UNREACHABLE_CODE = YES;
				CLANG_WARN__DUPLICATE_METHOD_MATCH = YES;
				"CODE_SIGN_IDENTITY[sdk=iphoneos*]" = "iPhone Developer";
				COPY_PHASE_STRIP = NO;
				DEBUG_INFORMATION_FORMAT = dwarf;
				ENABLE_STRICT_OBJC_MSGSEND = YES;
				ENABLE_TESTABILITY = YES;
				GCC_C_LANGUAGE_STANDARD = gnu99;
				GCC_DYNAMIC_NO_PIC = NO;
				GCC_NO_COMMON_BLOCKS = YES;
				GCC_OPTIMIZATION_LEVEL = 0;
				GCC_PREPROCESSOR_DEFINITIONS = (
					"DEBUG=1",
					"$(inherited)",
				);
				GCC_WARN_64_TO_32_BIT_CONVERSION = YES;
				GCC_WARN_ABOUT_RETURN_TYPE = YES_ERROR;
				GCC_WARN_UNDECLARED_SELECTOR = YES;
				GCC_WARN_UNINITIALIZED_AUTOS = YES_AGGRESSIVE;
				GCC_WARN_UNUSED_FUNCTION = YES;
				GCC_WARN_UNUSED_VARIABLE = YES;
				IPHONEOS_DEPLOYMENT_TARGET = 10.2;
				MTL_ENABLE_DEBUG_INFO = YES;
				ONLY_ACTIVE_ARCH = YES;
				SDKROOT = iphoneos;
				SWIFT_ACTIVE_COMPILATION_CONDITIONS = DEBUG;
				SWIFT_OPTIMIZATION_LEVEL = "-Onone";
				TARGETED_DEVICE_FAMILY = "1,2";
			};
			name = Debug;
		};
		045547361E2DCFE700437AD5 /* Release */ = {
			isa = XCBuildConfiguration;
			buildSettings = {
				ALWAYS_SEARCH_USER_PATHS = NO;
				CLANG_ANALYZER_NONNULL = YES;
				CLANG_CXX_LANGUAGE_STANDARD = "gnu++0x";
				CLANG_CXX_LIBRARY = "libc++";
				CLANG_ENABLE_MODULES = YES;
				CLANG_ENABLE_OBJC_ARC = YES;
				CLANG_WARN_BOOL_CONVERSION = YES;
				CLANG_WARN_CONSTANT_CONVERSION = YES;
				CLANG_WARN_DIRECT_OBJC_ISA_USAGE = YES_ERROR;
				CLANG_WARN_DOCUMENTATION_COMMENTS = YES;
				CLANG_WARN_EMPTY_BODY = YES;
				CLANG_WARN_ENUM_CONVERSION = YES;
				CLANG_WARN_INFINITE_RECURSION = YES;
				CLANG_WARN_INT_CONVERSION = YES;
				CLANG_WARN_OBJC_ROOT_CLASS = YES_ERROR;
				CLANG_WARN_SUSPICIOUS_MOVE = YES;
				CLANG_WARN_UNREACHABLE_CODE = YES;
				CLANG_WARN__DUPLICATE_METHOD_MATCH = YES;
				"CODE_SIGN_IDENTITY[sdk=iphoneos*]" = "iPhone Developer";
				COPY_PHASE_STRIP = NO;
				DEBUG_INFORMATION_FORMAT = "dwarf-with-dsym";
				ENABLE_NS_ASSERTIONS = NO;
				ENABLE_STRICT_OBJC_MSGSEND = YES;
				GCC_C_LANGUAGE_STANDARD = gnu99;
				GCC_NO_COMMON_BLOCKS = YES;
				GCC_WARN_64_TO_32_BIT_CONVERSION = YES;
				GCC_WARN_ABOUT_RETURN_TYPE = YES_ERROR;
				GCC_WARN_UNDECLARED_SELECTOR = YES;
				GCC_WARN_UNINITIALIZED_AUTOS = YES_AGGRESSIVE;
				GCC_WARN_UNUSED_FUNCTION = YES;
				GCC_WARN_UNUSED_VARIABLE = YES;
				IPHONEOS_DEPLOYMENT_TARGET = 10.2;
				MTL_ENABLE_DEBUG_INFO = NO;
				SDKROOT = iphoneos;
				SWIFT_OPTIMIZATION_LEVEL = "-Owholemodule";
				TARGETED_DEVICE_FAMILY = "1,2";
				VALIDATE_PRODUCT = YES;
			};
			name = Release;
		};
		045547381E2DCFE700437AD5 /* Debug */ = {
			isa = XCBuildConfiguration;
			baseConfigurationReference = 44F194F24648C7F93016EBF1 /* Pods-MovieViewer.debug.xcconfig */;
			buildSettings = {
				ASSETCATALOG_COMPILER_APPICON_NAME = AppIcon;
				INFOPLIST_FILE = MovieViewer/Info.plist;
				LD_RUNPATH_SEARCH_PATHS = "$(inherited) @executable_path/Frameworks";
				PRODUCT_BUNDLE_IDENTIFIER = ios.codepath.MovieViewer;
				PRODUCT_NAME = "$(TARGET_NAME)";
				SWIFT_VERSION = 3.0;
			};
			name = Debug;
		};
		045547391E2DCFE700437AD5 /* Release */ = {
			isa = XCBuildConfiguration;
			baseConfigurationReference = 8FE08B667458520C83A496DB /* Pods-MovieViewer.release.xcconfig */;
			buildSettings = {
				ASSETCATALOG_COMPILER_APPICON_NAME = AppIcon;
				INFOPLIST_FILE = MovieViewer/Info.plist;
				LD_RUNPATH_SEARCH_PATHS = "$(inherited) @executable_path/Frameworks";
				PRODUCT_BUNDLE_IDENTIFIER = ios.codepath.MovieViewer;
				PRODUCT_NAME = "$(TARGET_NAME)";
				SWIFT_VERSION = 3.0;
			};
			name = Release;
		};
/* End XCBuildConfiguration section */

/* Begin XCConfigurationList section */
		045547201E2DCFE600437AD5 /* Build configuration list for PBXProject "MovieViewer" */ = {
			isa = XCConfigurationList;
			buildConfigurations = (
				045547351E2DCFE700437AD5 /* Debug */,
				045547361E2DCFE700437AD5 /* Release */,
			);
			defaultConfigurationIsVisible = 0;
			defaultConfigurationName = Release;
		};
		045547371E2DCFE700437AD5 /* Build configuration list for PBXNativeTarget "MovieViewer" */ = {
			isa = XCConfigurationList;
			buildConfigurations = (
				045547381E2DCFE700437AD5 /* Debug */,
				045547391E2DCFE700437AD5 /* Release */,
			);
			defaultConfigurationIsVisible = 0;
			defaultConfigurationName = Release;
		};
/* End XCConfigurationList section */
	};
	rootObject = 0455471D1E2DCFE600437AD5 /* Project object */;
}
